hash: 4718ad41d9d69b57dee8cbf94ed6fababb74e38ca40baf87e96d64565cb23bb0
updated: 2017-01-09T14:51:34.311050109-08:00
imports:
- name: github.com/flosch/pongo2
  version: 22499f94d3d56c7238591344a6902715d0b8fbbf
  vcs: git
- name: github.com/kballard/go-shellquote
  version: d8ec1a69a250a17bb0e419c386eac1f3711dc142
  vcs: git
- name: github.com/pkg/errors
  version: 645ef00459ed84a119197bfb8d8205042c6df63d
  vcs: git
- name: gopkg.in/yaml.v2
  version: a83829b6f1293c91addabc89d0571c246397bbf4
testImports:
- name: github.com/davecgh/go-spew
  version: 04cdfd42973bb9c8589fd6a731800cf222fde1a9
  subpackages:
  - spew
- name: github.com/pmezard/go-difflib
  version: d8ed2627bdf02c080bf22230dbb337003b7aba2d
  subpackages:
  - difflib
- name: github.com/stretchr/testify
  version: 2402e8e7a02fc811447d11f881aa9746cdc57983
  vcs: git
  subpackages:
  - assert
