hash: 81cf32392334f945409ee097e195c625be6a972b39093ff19022fb62cd20ef25
updated: 2017-07-15T00:45:42.574887406-07:00
imports:
- name: github.com/kballard/go-shellquote
  version: d8ec1a69a250a17bb0e419c386eac1f3711dc142
  vcs: git
- name: github.com/pkg/errors
  version: 645ef00459ed84a119197bfb8d8205042c6df63d
  vcs: git
- name: golang.org/x/net
  version: 7dcfb8076726a3fdd9353b6b8a1f1b6be6811bd6
  subpackages:
  - proxy
- name: gopkg.in/yaml.v2
  version: cd8b52f8269e0feb286dfeef29f8fe4d5b397e0b
testImports:
- name: github.com/davecgh/go-spew
  version: 04cdfd42973bb9c8589fd6a731800cf222fde1a9
  subpackages:
  - spew
- name: github.com/pmezard/go-difflib
  version: d8ed2627bdf02c080bf22230dbb337003b7aba2d
  subpackages:
  - difflib
- name: github.com/stretchr/testify
  version: 2402e8e7a02fc811447d11f881aa9746cdc57983
  vcs: git
  subpackages:
  - assert
